<?xml version="1.0" encoding="utf-8"?>
<Project ToolsVersion="4.0" xmlns="http://schemas.microsoft.com/developer/msbuild/2003">
  <ItemGroup>
    <Filter Include="Header Files">
      <UniqueIdentifier>{93995380-89BD-4b04-88EB-625FBE52EBFB}</UniqueIdentifier>
      <Extensions>h;hh;hpp;hxx;h++;hm;inl;inc;ipp;xsd</Extensions>
    </Filter>
    <Filter Include="Source Files">
      <UniqueIdentifier>{4FC737F1-C7A5-4376-A066-2A32D752A2FF}</UniqueIdentifier>
      <Extensions>cpp;c;cc;cxx;c++;cppm;ixx;def;odl;idl;hpj;bat;asm;asmx</Extensions>
    </Filter>
    <Filter Include="Resource Files">
      <UniqueIdentifier>{67DA6AB6-F800-4c08-8B7A-83BB121AAD01}</UniqueIdentifier>
      <Extensions>rc;ico;cur;bmp;dlg;rc2;rct;bin;rgs;gif;jpg;jpeg;jpe;resx;tiff;tif;png;wav;mfcribbon-ms</Extensions>
    </Filter>
    <Filter Include="Header Files\World">
      <UniqueIdentifier>{acdfecb8-955f-4071-a0eb-250a1b9be4e7}</UniqueIdentifier>
    </Filter>
    <Filter Include="Source Files\World">
      <UniqueIdentifier>{74eaf094-9c38-4995-89ba-803a903ddd2b}</UniqueIdentifier>
    </Filter>
    <Filter Include="Header Files\World\Entity">
      <UniqueIdentifier>{6dffd90c-2445-4ef9-a2ff-348a0fc440b9}</UniqueIdentifier>
    </Filter>
    <Filter Include="Source Files\World\Entity">
      <UniqueIdentifier>{a23fddf3-cf9c-4734-a7ea-bac58c3cd26d}</UniqueIdentifier>
    </Filter>
    <Filter Include="Header Files\Math">
      <UniqueIdentifier>{e20c0b4f-28c6-4180-abc2-9034a5c93dd4}</UniqueIdentifier>
    </Filter>
    <Filter Include="Source Files\Math">
      <UniqueIdentifier>{40dd7569-e812-4d39-a192-7b96dcf4d72a}</UniqueIdentifier>
    </Filter>
  </ItemGroup>
  <ItemGroup>
    <ClCompile Include="src\main.cpp">
      <Filter>Source Files</Filter>
    </ClCompile>
    <ClCompile Include="src\ext_lib_impl.cpp">
      <Filter>Source Files</Filter>
    </ClCompile>
    <ClCompile Include="src\texture.cpp">
      <Filter>Source Files</Filter>
    </ClCompile>
    <ClCompile Include="src\tessellator.cpp">
      <Filter>Source Files</Filter>
    </ClCompile>
    <ClCompile Include="src\glprogram.cpp">
      <Filter>Source Files</Filter>
    </ClCompile>
    <ClCompile Include="src\world\block.cpp">
      <Filter>Source Files\World</Filter>
    </ClCompile>
    <ClCompile Include="src\world\chunk.cpp">
      <Filter>Source Files\World</Filter>
    </ClCompile>
    <ClCompile Include="src\world\world.cpp">
      <Filter>Source Files\World</Filter>
    </ClCompile>
    <ClCompile Include="src\world\world_renderer.cpp">
      <Filter>Source Files\World</Filter>
    </ClCompile>
    <ClCompile Include="src\world\entity\player.cpp">
      <Filter>Source Files\World\Entity</Filter>
    </ClCompile>
    <ClCompile Include="src\world\entity\entity.cpp">
      <Filter>Source Files\World\Entity</Filter>
    </ClCompile>
    <ClCompile Include="src\math\aabb.cpp">
      <Filter>Source Files\Math</Filter>
    </ClCompile>
    <ClCompile Include="src\math\rayaab_intersection.cpp">
      <Filter>Source Files\Math</Filter>
    </ClCompile>
  </ItemGroup>
  <ItemGroup>
    <ClInclude Include="include\stdafx.h">
      <Filter>Header Files</Filter>
    </ClInclude>
    <ClInclude Include="include\mcpp\texture.h">
      <Filter>Header Files</Filter>
    </ClInclude>
    <ClInclude Include="include\mcpp\tessellator.h">
      <Filter>Header Files</Filter>
    </ClInclude>
    <ClInclude Include="include\mcpp\glprogram.h">
      <Filter>Header Files</Filter>
    </ClInclude>
    <ClInclude Include="include\mcpp\world\block.h">
      <Filter>Header Files\World</Filter>
    </ClInclude>
    <ClInclude Include="include\mcpp\world\chunk.h">
      <Filter>Header Files\World</Filter>
    </ClInclude>
    <ClInclude Include="include\mcpp\world\world.h">
      <Filter>Header Files\World</Filter>
    </ClInclude>
    <ClInclude Include="include\mcpp\world\world_renderer.h">
      <Filter>Header Files\World</Filter>
    </ClInclude>
    <ClInclude Include="include\mcpp\world\entity\entity.h">
      <Filter>Header Files\World\Entity</Filter>
    </ClInclude>
    <ClInclude Include="include\mcpp\world\entity\player.h">
      <Filter>Header Files\World\Entity</Filter>
    </ClInclude>
    <ClInclude Include="include\mcpp\math\aabb.h">
      <Filter>Header Files\Math</Filter>
    </ClInclude>
    <ClInclude Include="include\mcpp\math\math_util.h">
      <Filter>Header Files\Math</Filter>
    </ClInclude>
    <ClInclude Include="include\mcpp\math\matrix.h">
      <Filter>Header Files\Math</Filter>
    </ClInclude>
    <ClInclude Include="include\mcpp\math\vector.h">
      <Filter>Header Files\Math</Filter>
    </ClInclude>
    <ClInclude Include="include\mcpp\math\rayaab_intersection.h">
      <Filter>Header Files\Math</Filter>
    </ClInclude>
    <ClInclude Include="include\mcpp\math\frustum.h">
      <Filter>Header Files\Math</Filter>
    </ClInclude>
  </ItemGroup>
  <ItemGroup>
    <ResourceCompile Include="res\mcpp.rc">
      <Filter>Resource Files</Filter>
    </ResourceCompile>
  </ItemGroup>
  <ItemGroup>
    <Image Include="res\terrain.png">
      <Filter>Resource Files</Filter>
    </Image>
  </ItemGroup>
</Project>